{
  "name": "P3-Project",
  "lockfileVersion": 2,
  "requires": true,
  "packages": {
    "": {
      "dependencies": {
        "ag-grid-angular": "^28.2.1",
        "ag-grid-community": "^28.2.1",
        "grid": "^4.10.8"
      }
    },
    "node_modules/@angular/common": {
      "version": "15.0.3",
      "resolved": "https://registry.npmjs.org/@angular/common/-/common-15.0.3.tgz",
      "integrity": "sha512-TYpNnP6f7+x+FqyFCjl+D7rqJojMJT3QURwbnKsZYO7gsfoKashgrLxd9f3lQpa9EHvdMsVZWGZuPmoerGQ5qg==",
      "peer": true,
      "dependencies": {
        "tslib": "^2.3.0"
      },
      "engines": {
        "node": "^14.20.0 || ^16.13.0 || >=18.10.0"
      },
      "peerDependencies": {
        "@angular/core": "15.0.3",
        "rxjs": "^6.5.3 || ^7.4.0"
      }
    },
    "node_modules/@angular/core": {
      "version": "15.0.3",
      "resolved": "https://registry.npmjs.org/@angular/core/-/core-15.0.3.tgz",
      "integrity": "sha512-tYQszxkk32RZkMA7Czv9l5apiDIsoqVO2taIuPKfesAcwsQ7z/x3JTu3JkwUnB9c9nq2c18wIzjzMs4iElxdVQ==",
      "peer": true,
      "dependencies": {
        "tslib": "^2.3.0"
      },
      "engines": {
        "node": "^14.20.0 || ^16.13.0 || >=18.10.0"
      },
      "peerDependencies": {
        "rxjs": "^6.5.3 || ^7.4.0",
        "zone.js": "~0.11.4 || ~0.12.0"
      }
    },
    "node_modules/ag-grid-angular": {
      "version": "28.2.1",
      "resolved": "https://registry.npmjs.org/ag-grid-angular/-/ag-grid-angular-28.2.1.tgz",
      "integrity": "sha512-aYJvmrjwDFm2qy6viM9E8WQ0rCLn3nzuTH5gGIDFjqjFExan8csoNmVKGGbuf9jx8VQm4XQHKWbIzd2eT94kvw==",
      "dependencies": {
        "tslib": "^2.3.0"
      },
      "peerDependencies": {
        "@angular/common": ">= 12.0.0",
        "@angular/core": ">= 12.0.0",
        "ag-grid-community": "~28.2.1"
      }
    },
    "node_modules/ag-grid-community": {
      "version": "28.2.1",
      "resolved": "https://registry.npmjs.org/ag-grid-community/-/ag-grid-community-28.2.1.tgz",
      "integrity": "sha512-DMZh/xD/FqYP17qJ1M92PolTYe+hrKuEaf+A4h13O6qn2x/xZQrTRGW5DgnQLR/uLMe1XXZQPKR3UKgAlKo69A=="
    },
    "node_modules/capitalize": {
      "version": "0.5.0",
      "resolved": "https://registry.npmjs.org/capitalize/-/capitalize-0.5.0.tgz",
      "integrity": "sha512-PaTkpRT5BKne4tmt7a80HqCikvZCOKKbHkZIycqo77VSKfY/mGW3foKUky6Gi/6MsZmYegctEakY7o5YZXwz5w=="
    },
    "node_modules/click-off": {
      "version": "0.2.1",
      "resolved": "https://registry.npmjs.org/click-off/-/click-off-0.2.1.tgz",
      "integrity": "sha512-EL4RXbrwIr/Sv3tcvnm5gVGqix8vna4X9q9nm3vZ2co9PmRVwH7XVdd+0sJLZZ/HZQaBPvF9fNRrWeUlBfRgvg=="
    },
    "node_modules/element-class": {
      "version": "0.1.1",
      "resolved": "https://registry.npmjs.org/element-class/-/element-class-0.1.1.tgz",
      "integrity": "sha512-jUN7QxMb2Yv255s/5DYSD0UZoAqC/J1tLVbbYAqzrwDp+yrTcjh6QfinLJEw0lT2h1R23wk27Vcfm/66LfXiIg==",
      "dependencies": {
        "inherits": "~1.0.0"
      }
    },
    "node_modules/es6-object-assign": {
      "version": "1.1.0",
      "resolved": "https://registry.npmjs.org/es6-object-assign/-/es6-object-assign-1.1.0.tgz",
      "integrity": "sha512-MEl9uirslVwqQU369iHNWZXsI8yaZYGg/D65aOgZkeyFJwHYSxilf7rQzXKI7DdDuBPrBXbfk3sl9hJhmd5AUw=="
    },
    "node_modules/escape-stack": {
      "version": "0.1.2",
      "resolved": "https://registry.npmjs.org/escape-stack/-/escape-stack-0.1.2.tgz",
      "integrity": "sha512-nP/9OVJS7anQGhIYsVhWv1pXtwiuMB5E/N73iux0yjuOpwv5bDvOrtyMGOdB4uz4AYVnDGpe9wqSIOL72X13DA=="
    },
    "node_modules/grid": {
      "version": "4.10.8",
      "resolved": "https://registry.npmjs.org/grid/-/grid-4.10.8.tgz",
      "integrity": "sha512-OKq4zhEj0ojpV+DyskQLpaGr8mSa1ZgA753NPTlJ67xeagqUA0tUjhDg3s0kEF0dEOigxVQ/cWjBMNfzcExtyg==",
      "dependencies": {
        "capitalize": "^0.5.0",
        "click-off": "~0.2.1",
        "element-class": "^0.1.1",
        "es6-object-assign": "~1.1.0",
        "escape-stack": "~0.1.2",
        "inner-text-shim": "~1.0.1",
        "key": "^0.1.11",
        "time-now": "~0.2.1"
      },
      "engines": {
        "node": ">=10"
      }
    },
    "node_modules/inherits": {
      "version": "1.0.2",
      "resolved": "https://registry.npmjs.org/inherits/-/inherits-1.0.2.tgz",
      "integrity": "sha512-Al67oatbRSo3RV5hRqIoln6Y5yMVbJSIn4jEJNL7VCImzq/kLr7vvb6sFRJXqr8rpHc/2kJOM+y0sPKN47VdzA=="
    },
    "node_modules/inner-text-shim": {
      "version": "1.0.1",
      "resolved": "https://registry.npmjs.org/inner-text-shim/-/inner-text-shim-1.0.1.tgz",
      "integrity": "sha512-8phW5hjjTpaxobktHFpW0YJcerSc5YS27lPSiF06LJmp5c7/Cms0zw8YORNE3Uy3+pOVjLLHApYA4KEIJiAh3Q=="
    },
    "node_modules/key": {
      "version": "0.1.11",
      "resolved": "https://registry.npmjs.org/key/-/key-0.1.11.tgz",
      "integrity": "sha512-VCXx+Fo7vtA4/TnNJZg3znjQ9br6egswvnvObuu5gQfgsGay7kpxgbnqZk51y68qLceOYbR0/CUphWfMr9H09w=="
    },
    "node_modules/rxjs": {
      "version": "7.6.0",
      "resolved": "https://registry.npmjs.org/rxjs/-/rxjs-7.6.0.tgz",
      "integrity": "sha512-DDa7d8TFNUalGC9VqXvQ1euWNN7sc63TrUCuM9J998+ViviahMIjKSOU7rfcgFOF+FCD71BhDRv4hrFz+ImDLQ==",
      "peer": true,
      "dependencies": {
        "tslib": "^2.1.0"
      }
    },
    "node_modules/time-now": {
      "version": "0.2.1",
      "resolved": "https://registry.npmjs.org/time-now/-/time-now-0.2.1.tgz",
      "integrity": "sha512-DVmKHeai63/4uu1//Ao8HyXOY6jmZYuhk3hng6KwY0y8sa+f8gYPu9UIG58JcRH+sMhcms7iFSEa7TqsUhZeig=="
    },
    "node_modules/tslib": {
      "version": "2.4.1",
      "resolved": "https://registry.npmjs.org/tslib/-/tslib-2.4.1.tgz",
      "integrity": "sha512-tGyy4dAjRIEwI7BzsB0lynWgOpfqjUdq91XXAlIWD2OwKBH7oCl/GZG/HT4BOHrTlPMOASlMQ7veyTqpmRcrNA=="
    },
    "node_modules/zone.js": {
      "version": "0.12.0",
      "resolved": "https://registry.npmjs.org/zone.js/-/zone.js-0.12.0.tgz",
      "integrity": "sha512-XtC+I5dXU14HrzidAKBNMqneIVUykLEAA1x+v4KVrd6AUPWlwYORF8KgsVqvgdHiKZ4BkxxjvYi/ksEixTPR0Q==",
      "peer": true,
      "dependencies": {
        "tslib": "^2.3.0"
      }
    }
  },
  "dependencies": {
    "@angular/common": {
      "version": "15.0.3",
      "resolved": "https://registry.npmjs.org/@angular/common/-/common-15.0.3.tgz",
      "integrity": "sha512-TYpNnP6f7+x+FqyFCjl+D7rqJojMJT3QURwbnKsZYO7gsfoKashgrLxd9f3lQpa9EHvdMsVZWGZuPmoerGQ5qg==",
      "peer": true,
      "requires": {
        "tslib": "^2.3.0"
      }
    },
    "@angular/core": {
      "version": "15.0.3",
      "resolved": "https://registry.npmjs.org/@angular/core/-/core-15.0.3.tgz",
      "integrity": "sha512-tYQszxkk32RZkMA7Czv9l5apiDIsoqVO2taIuPKfesAcwsQ7z/x3JTu3JkwUnB9c9nq2c18wIzjzMs4iElxdVQ==",
      "peer": true,
      "requires": {
        "tslib": "^2.3.0"
      }
    },
    "ag-grid-angular": {
      "version": "28.2.1",
      "resolved": "https://registry.npmjs.org/ag-grid-angular/-/ag-grid-angular-28.2.1.tgz",
      "integrity": "sha512-aYJvmrjwDFm2qy6viM9E8WQ0rCLn3nzuTH5gGIDFjqjFExan8csoNmVKGGbuf9jx8VQm4XQHKWbIzd2eT94kvw==",
      "requires": {
        "tslib": "^2.3.0"
      }
    },
    "ag-grid-community": {
      "version": "28.2.1",
      "resolved": "https://registry.npmjs.org/ag-grid-community/-/ag-grid-community-28.2.1.tgz",
      "integrity": "sha512-DMZh/xD/FqYP17qJ1M92PolTYe+hrKuEaf+A4h13O6qn2x/xZQrTRGW5DgnQLR/uLMe1XXZQPKR3UKgAlKo69A=="
    },
    "capitalize": {
      "version": "0.5.0",
      "resolved": "https://registry.npmjs.org/capitalize/-/capitalize-0.5.0.tgz",
      "integrity": "sha512-PaTkpRT5BKne4tmt7a80HqCikvZCOKKbHkZIycqo77VSKfY/mGW3foKUky6Gi/6MsZmYegctEakY7o5YZXwz5w=="
    },
    "click-off": {
      "version": "0.2.1",
      "resolved": "https://registry.npmjs.org/click-off/-/click-off-0.2.1.tgz",
      "integrity": "sha512-EL4RXbrwIr/Sv3tcvnm5gVGqix8vna4X9q9nm3vZ2co9PmRVwH7XVdd+0sJLZZ/HZQaBPvF9fNRrWeUlBfRgvg=="
    },
    "element-class": {
      "version": "0.1.1",
      "resolved": "https://registry.npmjs.org/element-class/-/element-class-0.1.1.tgz",
      "integrity": "sha512-jUN7QxMb2Yv255s/5DYSD0UZoAqC/J1tLVbbYAqzrwDp+yrTcjh6QfinLJEw0lT2h1R23wk27Vcfm/66LfXiIg==",
      "requires": {
        "inherits": "~1.0.0"
      }
    },
    "es6-object-assign": {
      "version": "1.1.0",
      "resolved": "https://registry.npmjs.org/es6-object-assign/-/es6-object-assign-1.1.0.tgz",
      "integrity": "sha512-MEl9uirslVwqQU369iHNWZXsI8yaZYGg/D65aOgZkeyFJwHYSxilf7rQzXKI7DdDuBPrBXbfk3sl9hJhmd5AUw=="
    },
    "escape-stack": {
      "version": "0.1.2",
      "resolved": "https://registry.npmjs.org/escape-stack/-/escape-stack-0.1.2.tgz",
      "integrity": "sha512-nP/9OVJS7anQGhIYsVhWv1pXtwiuMB5E/N73iux0yjuOpwv5bDvOrtyMGOdB4uz4AYVnDGpe9wqSIOL72X13DA=="
    },
    "grid": {
      "version": "4.10.8",
      "resolved": "https://registry.npmjs.org/grid/-/grid-4.10.8.tgz",
      "integrity": "sha512-OKq4zhEj0ojpV+DyskQLpaGr8mSa1ZgA753NPTlJ67xeagqUA0tUjhDg3s0kEF0dEOigxVQ/cWjBMNfzcExtyg==",
      "requires": {
        "capitalize": "^0.5.0",
        "click-off": "~0.2.1",
        "element-class": "^0.1.1",
        "es6-object-assign": "~1.1.0",
        "escape-stack": "~0.1.2",
        "inner-text-shim": "~1.0.1",
        "key": "^0.1.11",
        "time-now": "~0.2.1"
      }
    },
    "inherits": {
      "version": "1.0.2",
      "resolved": "https://registry.npmjs.org/inherits/-/inherits-1.0.2.tgz",
      "integrity": "sha512-Al67oatbRSo3RV5hRqIoln6Y5yMVbJSIn4jEJNL7VCImzq/kLr7vvb6sFRJXqr8rpHc/2kJOM+y0sPKN47VdzA=="
    },
    "inner-text-shim": {
      "version": "1.0.1",
      "resolved": "https://registry.npmjs.org/inner-text-shim/-/inner-text-shim-1.0.1.tgz",
      "integrity": "sha512-8phW5hjjTpaxobktHFpW0YJcerSc5YS27lPSiF06LJmp5c7/Cms0zw8YORNE3Uy3+pOVjLLHApYA4KEIJiAh3Q=="
    },
    "key": {
      "version": "0.1.11",
      "resolved": "https://registry.npmjs.org/key/-/key-0.1.11.tgz",
      "integrity": "sha512-VCXx+Fo7vtA4/TnNJZg3znjQ9br6egswvnvObuu5gQfgsGay7kpxgbnqZk51y68qLceOYbR0/CUphWfMr9H09w=="
    },
    "rxjs": {
      "version": "7.6.0",
      "resolved": "https://registry.npmjs.org/rxjs/-/rxjs-7.6.0.tgz",
      "integrity": "sha512-DDa7d8TFNUalGC9VqXvQ1euWNN7sc63TrUCuM9J998+ViviahMIjKSOU7rfcgFOF+FCD71BhDRv4hrFz+ImDLQ==",
      "peer": true,
      "requires": {
        "tslib": "^2.1.0"
      }
    },
    "time-now": {
      "version": "0.2.1",
      "resolved": "https://registry.npmjs.org/time-now/-/time-now-0.2.1.tgz",
      "integrity": "sha512-DVmKHeai63/4uu1//Ao8HyXOY6jmZYuhk3hng6KwY0y8sa+f8gYPu9UIG58JcRH+sMhcms7iFSEa7TqsUhZeig=="
    },
    "tslib": {
      "version": "2.4.1",
      "resolved": "https://registry.npmjs.org/tslib/-/tslib-2.4.1.tgz",
      "integrity": "sha512-tGyy4dAjRIEwI7BzsB0lynWgOpfqjUdq91XXAlIWD2OwKBH7oCl/GZG/HT4BOHrTlPMOASlMQ7veyTqpmRcrNA=="
    },
    "zone.js": {
      "version": "0.12.0",
      "resolved": "https://registry.npmjs.org/zone.js/-/zone.js-0.12.0.tgz",
      "integrity": "sha512-XtC+I5dXU14HrzidAKBNMqneIVUykLEAA1x+v4KVrd6AUPWlwYORF8KgsVqvgdHiKZ4BkxxjvYi/ksEixTPR0Q==",
      "peer": true,
      "requires": {
        "tslib": "^2.3.0"
      }
    }
  }
}
